
Microsoft Visual Studio Solution File, Format Version 12.00
# Visual Studio 2015
Project("{FAE04EC0-301F-11D3-BF4B-00C04F79EFBC}") = "lic.CSharp.Plugins", "lic.CSharp.Plugins.csproj", "{7B451CB4-E314-2B2F-1FC4-46EC7E27791B}"
EndProject
Project("{FAE04EC0-301F-11D3-BF4B-00C04F79EFBC}") = "lic.CSharp", "lic.CSharp.csproj", "{45551CC1-706E-2B4E-C17E-A8ADD75D51B4}"
EndProject
Project("{FAE04EC0-301F-11D3-BF4B-00C04F79EFBC}") = "lic.CSharp.Editor.Plugins", "lic.CSharp.Editor.Plugins.csproj", "{CF611E52-B818-E045-8DE2-D2F9EFB7C2E5}"
EndProject
Global
	GlobalSection(SolutionConfigurationPlatforms) = preSolution
		Debug|Any CPU = Debug|Any CPU
		Release|Any CPU = Release|Any CPU
	EndGlobalSection
	GlobalSection(ProjectConfigurationPlatforms) = postSolution
		{7B451CB4-E314-2B2F-1FC4-46EC7E27791B}.Debug|Any CPU.ActiveCfg = Debug|Any CPU
		{7B451CB4-E314-2B2F-1FC4-46EC7E27791B}.Debug|Any CPU.Build.0 = Debug|Any CPU
		{7B451CB4-E314-2B2F-1FC4-46EC7E27791B}.Release|Any CPU.ActiveCfg = Release|Any CPU
		{7B451CB4-E314-2B2F-1FC4-46EC7E27791B}.Release|Any CPU.Build.0 = Release|Any CPU
		{45551CC1-706E-2B4E-C17E-A8ADD75D51B4}.Debug|Any CPU.ActiveCfg = Debug|Any CPU
		{45551CC1-706E-2B4E-C17E-A8ADD75D51B4}.Debug|Any CPU.Build.0 = Debug|Any CPU
		{45551CC1-706E-2B4E-C17E-A8ADD75D51B4}.Release|Any CPU.ActiveCfg = Release|Any CPU
		{45551CC1-706E-2B4E-C17E-A8ADD75D51B4}.Release|Any CPU.Build.0 = Release|Any CPU
		{CF611E52-B818-E045-8DE2-D2F9EFB7C2E5}.Debug|Any CPU.ActiveCfg = Debug|Any CPU
		{CF611E52-B818-E045-8DE2-D2F9EFB7C2E5}.Debug|Any CPU.Build.0 = Debug|Any CPU
		{CF611E52-B818-E045-8DE2-D2F9EFB7C2E5}.Release|Any CPU.ActiveCfg = Release|Any CPU
		{CF611E52-B818-E045-8DE2-D2F9EFB7C2E5}.Release|Any CPU.Build.0 = Release|Any CPU
	EndGlobalSection
	GlobalSection(SolutionProperties) = preSolution
		HideSolutionNode = FALSE
	EndGlobalSection
EndGlobal
